
Microsoft Visual Studio Solution File, Format Version 12.00
Project("{FAE04EC0-301F-11D3-BF4B-00C04F79EFBC}") = "UrzisoftCarflowBackendApp.Presenters", "UrzisoftCarflowBackendApp.Presenters\UrzisoftCarflowBackendApp.Presenters.csproj", "{91EC98D0-D669-48AE-83A3-4B46171DF881}"
EndProject
Project("{FAE04EC0-301F-11D3-BF4B-00C04F79EFBC}") = "UrzisoftCarflowBackendApp.Entities", "UrzisoftCarflowBackendApp.Entities\UrzisoftCarflowBackendApp.Entities.csproj", "{DDF8035F-F5BD-4B89-ABAB-FC3C7E30A162}"
EndProject
Project("{FAE04EC0-301F-11D3-BF4B-00C04F79EFBC}") = "UrzisoftCarflowBackendApp.UseCases", "UrzisoftCarflowBackendApp.UseCases\UrzisoftCarflowBackendApp.UseCases.csproj", "{7E98609C-6ABD-4258-A490-B052244DED57}"
EndProject
Global
	GlobalSection(SolutionConfigurationPlatforms) = preSolution
		Debug|Any CPU = Debug|Any CPU
		Release|Any CPU = Release|Any CPU
	EndGlobalSection
	GlobalSection(ProjectConfigurationPlatforms) = postSolution
		{91EC98D0-D669-48AE-83A3-4B46171DF881}.Debug|Any CPU.ActiveCfg = Debug|Any CPU
		{91EC98D0-D669-48AE-83A3-4B46171DF881}.Debug|Any CPU.Build.0 = Debug|Any CPU
		{91EC98D0-D669-48AE-83A3-4B46171DF881}.Release|Any CPU.ActiveCfg = Release|Any CPU
		{91EC98D0-D669-48AE-83A3-4B46171DF881}.Release|Any CPU.Build.0 = Release|Any CPU
		{DDF8035F-F5BD-4B89-ABAB-FC3C7E30A162}.Debug|Any CPU.ActiveCfg = Debug|Any CPU
		{DDF8035F-F5BD-4B89-ABAB-FC3C7E30A162}.Debug|Any CPU.Build.0 = Debug|Any CPU
		{DDF8035F-F5BD-4B89-ABAB-FC3C7E30A162}.Release|Any CPU.ActiveCfg = Release|Any CPU
		{DDF8035F-F5BD-4B89-ABAB-FC3C7E30A162}.Release|Any CPU.Build.0 = Release|Any CPU
		{7E98609C-6ABD-4258-A490-B052244DED57}.Debug|Any CPU.ActiveCfg = Debug|Any CPU
		{7E98609C-6ABD-4258-A490-B052244DED57}.Debug|Any CPU.Build.0 = Debug|Any CPU
		{7E98609C-6ABD-4258-A490-B052244DED57}.Release|Any CPU.ActiveCfg = Release|Any CPU
		{7E98609C-6ABD-4258-A490-B052244DED57}.Release|Any CPU.Build.0 = Release|Any CPU
	EndGlobalSection
EndGlobal
